// !$*UTF8*$!
{
	archiveVersion = 1;
	classes = {
	};
	objectVersion = 46;
	objects = {

/* Begin PBXBuildFile section */
		D805A0991A89124C001EF269 /* AppDelegate.swift in Sources */ = {isa = PBXBuildFile; fileRef = D805A0981A89124C001EF269 /* AppDelegate.swift */; };
		D805A09B1A89124C001EF269 /* GameScene.sks in Resources */ = {isa = PBXBuildFile; fileRef = D805A09A1A89124C001EF269 /* GameScene.sks */; };
		D805A09D1A89124C001EF269 /* GameScene.swift in Sources */ = {isa = PBXBuildFile; fileRef = D805A09C1A89124C001EF269 /* GameScene.swift */; };
		D805A09F1A89124C001EF269 /* GameViewController.swift in Sources */ = {isa = PBXBuildFile; fileRef = D805A09E1A89124C001EF269 /* GameViewController.swift */; };
		D805A0A21A89124C001EF269 /* Main.storyboard in Resources */ = {isa = PBXBuildFile; fileRef = D805A0A01A89124C001EF269 /* Main.storyboard */; };
		D805A0A41A89124C001EF269 /* Images.xcassets in Resources */ = {isa = PBXBuildFile; fileRef = D805A0A31A89124C001EF269 /* Images.xcassets */; };
		D805A0A71A89124C001EF269 /* LaunchScreen.xib in Resources */ = {isa = PBXBuildFile; fileRef = D805A0A51A89124C001EF269 /* LaunchScreen.xib */; };
		D805A0B31A89124C001EF269 /* SpaceBlastTests.swift in Sources */ = {isa = PBXBuildFile; fileRef = D805A0B21A89124C001EF269 /* SpaceBlastTests.swift */; };
/* End PBXBuildFile section */

/* Begin PBXContainerItemProxy section */
		D805A0AD1A89124C001EF269 /* PBXContainerItemProxy */ = {
			isa = PBXContainerItemProxy;
			containerPortal = D805A08B1A89124C001EF269 /* Project object */;
			proxyType = 1;
			remoteGlobalIDString = D805A0921A89124C001EF269;
			remoteInfo = SpaceBlast;
		};
/* End PBXContainerItemProxy section */

/* Begin PBXFileReference section */
		D805A0931A89124C001EF269 /* SpaceBlast.app */ = {isa = PBXFileReference; explicitFileType = wrapper.application; includeInIndex = 0; path = SpaceBlast.app; sourceTree = BUILT_PRODUCTS_DIR; };
		D805A0971A89124C001EF269 /* Info.plist */ = {isa = PBXFileReference; lastKnownFileType = text.plist.xml; path = Info.plist; sourceTree = "<group>"; };
		D805A0981A89124C001EF269 /* AppDelegate.swift */ = {isa = PBXFileReference; lastKnownFileType = sourcecode.swift; path = AppDelegate.swift; sourceTree = "<group>"; };
		D805A09A1A89124C001EF269 /* GameScene.sks */ = {isa = PBXFileReference; lastKnownFileType = file.sks; path = GameScene.sks; sourceTree = "<group>"; };
		D805A09C1A89124C001EF269 /* GameScene.swift */ = {isa = PBXFileReference; lastKnownFileType = sourcecode.swift; path = GameScene.swift; sourceTree = "<group>"; };
		D805A09E1A89124C001EF269 /* GameViewController.swift */ = {isa = PBXFileReference; lastKnownFileType = sourcecode.swift; path = GameViewController.swift; sourceTree = "<group>"; };
		D805A0A11A89124C001EF269 /* Base */ = {isa = PBXFileReference; lastKnownFileType = file.storyboard; name = Base; path = Base.lproj/Main.storyboard; sourceTree = "<group>"; };
		D805A0A31A89124C001EF269 /* Images.xcassets */ = {isa = PBXFileReference; lastKnownFileType = folder.assetcatalog; path = Images.xcassets; sourceTree = "<group>"; };
		D805A0A61A89124C001EF269 /* Base */ = {isa = PBXFileReference; lastKnownFileType = file.xib; name = Base; path = Base.lproj/LaunchScreen.xib; sourceTree = "<group>"; };
		D805A0AC1A89124C001EF269 /* SpaceBlastTests.xctest */ = {isa = PBXFileReference; explicitFileType = wrapper.cfbundle; includeInIndex = 0; path = SpaceBlastTests.xctest; sourceTree = BUILT_PRODUCTS_DIR; };
		D805A0B11A89124C001EF269 /* Info.plist */ = {isa = PBXFileReference; lastKnownFileType = text.plist.xml; path = Info.plist; sourceTree = "<group>"; };
		D805A0B21A89124C001EF269 /* SpaceBlastTests.swift */ = {isa = PBXFileReference; lastKnownFileType = sourcecode.swift; path = SpaceBlastTests.swift; sourceTree = "<group>"; };
/* End PBXFileReference section */

/* Begin PBXFrameworksBuildPhase section */
		D805A0901A89124C001EF269 /* Frameworks */ = {
			isa = PBXFrameworksBuildPhase;
			buildActionMask = 2147483647;
			files = (
			);
			runOnlyForDeploymentPostprocessing = 0;
		};
		D805A0A91A89124C001EF269 /* Frameworks */ = {
			isa = PBXFrameworksBuildPhase;
			buildActionMask = 2147483647;
			files = (
			);
			runOnlyForDeploymentPostprocessing = 0;
		};
/* End PBXFrameworksBuildPhase section */

/* Begin PBXGroup section */
		D805A08A1A89124C001EF269 = {
			isa = PBXGroup;
			children = (
				D805A0951A89124C001EF269 /* SpaceBlast */,
				D805A0AF1A89124C001EF269 /* SpaceBlastTests */,
				D805A0941A89124C001EF269 /* Products */,
			);
			sourceTree = "<group>";
		};
		D805A0941A89124C001EF269 /* Products */ = {
			isa = PBXGroup;
			children = (
				D805A0931A89124C001EF269 /* SpaceBlast.app */,
				D805A0AC1A89124C001EF269 /* SpaceBlastTests.xctest */,
			);
			name = Products;
			sourceTree = "<group>";
		};
		D805A0951A89124C001EF269 /* SpaceBlast */ = {
			isa = PBXGroup;
			children = (
				D805A09A1A89124C001EF269 /* GameScene.sks */,
				D805A09C1A89124C001EF269 /* GameScene.swift */,
				D805A09E1A89124C001EF269 /* GameViewController.swift */,
				D805A0A01A89124C001EF269 /* Main.storyboard */,
				D805A0961A89124C001EF269 /* Supporting Files */,
			);
			path = SpaceBlast;
			sourceTree = "<group>";
		};
		D805A0961A89124C001EF269 /* Supporting Files */ = {
			isa = PBXGroup;
			children = (
				D805A0981A89124C001EF269 /* AppDelegate.swift */,
				D805A0A31A89124C001EF269 /* Images.xcassets */,
				D805A0A51A89124C001EF269 /* LaunchScreen.xib */,
				D805A0971A89124C001EF269 /* Info.plist */,
			);
			name = "Supporting Files";
			sourceTree = "<group>";
		};
		D805A0AF1A89124C001EF269 /* SpaceBlastTests */ = {
			isa = PBXGroup;
			children = (
				D805A0B21A89124C001EF269 /* SpaceBlastTests.swift */,
				D805A0B01A89124C001EF269 /* Supporting Files */,
			);
			path = SpaceBlastTests;
			sourceTree = "<group>";
		};
		D805A0B01A89124C001EF269 /* Supporting Files */ = {
			isa = PBXGroup;
			children = (
				D805A0B11A89124C001EF269 /* Info.plist */,
			);
			name = "Supporting Files";
			sourceTree = "<group>";
		};
/* End PBXGroup section */

/* Begin PBXNativeTarget section */
		D805A0921A89124C001EF269 /* SpaceBlast */ = {
			isa = PBXNativeTarget;
			buildConfigurationList = D805A0B61A89124C001EF269 /* Build configuration list for PBXNativeTarget "SpaceBlast" */;
			buildPhases = (
				D805A08F1A89124C001EF269 /* Sources */,
				D805A0901A89124C001EF269 /* Frameworks */,
				D805A0911A89124C001EF269 /* Resources */,
			);
			buildRules = (
			);
			dependencies = (
			);
			name = SpaceBlast;
			productName = SpaceBlast;
			productReference = D805A0931A89124C001EF269 /* SpaceBlast.app */;
			productType = "com.apple.product-type.application";
		};
		D805A0AB1A89124C001EF269 /* SpaceBlastTests */ = {
			isa = PBXNativeTarget;
			buildConfigurationList = D805A0B91A89124C001EF269 /* Build configuration list for PBXNativeTarget "SpaceBlastTests" */;
			buildPhases = (
				D805A0A81A89124C001EF269 /* Sources */,
				D805A0A91A89124C001EF269 /* Frameworks */,
				D805A0AA1A89124C001EF269 /* Resources */,
			);
			buildRules = (
			);
			dependencies = (
				D805A0AE1A89124C001EF269 /* PBXTargetDependency */,
			);
			name = SpaceBlastTests;
			productName = SpaceBlastTests;
			productReference = D805A0AC1A89124C001EF269 /* SpaceBlastTests.xctest */;
			productType = "com.apple.product-type.bundle.unit-test";
		};
/* End PBXNativeTarget section */

/* Begin PBXProject section */
		D805A08B1A89124C001EF269 /* Project object */ = {
			isa = PBXProject;
			attributes = {
				LastUpgradeCheck = 0610;
				ORGANIZATIONNAME = "Max McChesney";
				TargetAttributes = {
					D805A0921A89124C001EF269 = {
						CreatedOnToolsVersion = 6.1.1;
					};
					D805A0AB1A89124C001EF269 = {
						CreatedOnToolsVersion = 6.1.1;
						TestTargetID = D805A0921A89124C001EF269;
					};
				};
			};
			buildConfigurationList = D805A08E1A89124C001EF269 /* Build configuration list for PBXProject "SpaceBlast" */;
			compatibilityVersion = "Xcode 3.2";
			developmentRegion = English;
			hasScannedForEncodings = 0;
			knownRegions = (
				en,
				Base,
			);
			mainGroup = D805A08A1A89124C001EF269;
			productRefGroup = D805A0941A89124C001EF269 /* Products */;
			projectDirPath = "";
			projectRoot = "";
			targets = (
				D805A0921A89124C001EF269 /* SpaceBlast */,
				D805A0AB1A89124C001EF269 /* SpaceBlastTests */,
			);
		};
/* End PBXProject section */

/* Begin PBXResourcesBuildPhase section */
		D805A0911A89124C001EF269 /* Resources */ = {
			isa = PBXResourcesBuildPhase;
			buildActionMask = 2147483647;
			files = (
				D805A0A71A89124C001EF269 /* LaunchScreen.xib in Resources */,
				D805A0A41A89124C001EF269 /* Images.xcassets in Resources */,
				D805A09B1A89124C001EF269 /* GameScene.sks in Resources */,
				D805A0A21A89124C001EF269 /* Main.storyboard in Resources */,
			);
			runOnlyForDeploymentPostprocessing = 0;
		};
		D805A0AA1A89124C001EF269 /* Resources */ = {
			isa = PBXResourcesBuildPhase;
			buildActionMask = 2147483647;
			files = (
			);
			runOnlyForDeploymentPostprocessing = 0;
		};
/* End PBXResourcesBuildPhase section */

/* Begin PBXSourcesBuildPhase section */
		D805A08F1A89124C001EF269 /* Sources */ = {
			isa = PBXSourcesBuildPhase;
			buildActionMask = 2147483647;
			files = (
				D805A09D1A89124C001EF269 /* GameScene.swift in Sources */,
				D805A09F1A89124C001EF269 /* GameViewController.swift in Sources */,
				D805A0991A89124C001EF269 /* AppDelegate.swift in Sources */,
			);
			runOnlyForDeploymentPostprocessing = 0;
		};
		D805A0A81A89124C001EF269 /* Sources */ = {
			isa = PBXSourcesBuildPhase;
			buildActionMask = 2147483647;
			files = (
				D805A0B31A89124C001EF269 /* SpaceBlastTests.swift in Sources */,
			);
			runOnlyForDeploymentPostprocessing = 0;
		};
/* End PBXSourcesBuildPhase section */

/* Begin PBXTargetDependency section */
		D805A0AE1A89124C001EF269 /* PBXTargetDependency */ = {
			isa = PBXTargetDependency;
			target = D805A0921A89124C001EF269 /* SpaceBlast */;
			targetProxy = D805A0AD1A89124C001EF269 /* PBXContainerItemProxy */;
		};
/* End PBXTargetDependency section */

/* Begin PBXVariantGroup section */
		D805A0A01A89124C001EF269 /* Main.storyboard */ = {
			isa = PBXVariantGroup;
			children = (
				D805A0A11A89124C001EF269 /* Base */,
			);
			name = Main.storyboard;
			sourceTree = "<group>";
		};
		D805A0A51A89124C001EF269 /* LaunchScreen.xib */ = {
			isa = PBXVariantGroup;
			children = (
				D805A0A61A89124C001EF269 /* Base */,
			);
			name = LaunchScreen.xib;
			sourceTree = "<group>";
		};
/* End PBXVariantGroup section */

/* Begin XCBuildConfiguration section */
		D805A0B41A89124C001EF269 /* Debug */ = {
			isa = XCBuildConfiguration;
			buildSettings = {
				ALWAYS_SEARCH_USER_PATHS = NO;
				CLANG_CXX_LANGUAGE_STANDARD = "gnu++0x";
				CLANG_CXX_LIBRARY = "libc++";
				CLANG_ENABLE_MODULES = YES;
				CLANG_ENABLE_OBJC_ARC = YES;
				CLANG_WARN_BOOL_CONVERSION = YES;
				CLANG_WARN_CONSTANT_CONVERSION = YES;
				CLANG_WARN_DIRECT_OBJC_ISA_USAGE = YES_ERROR;
				CLANG_WARN_EMPTY_BODY = YES;
				CLANG_WARN_ENUM_CONVERSION = YES;
				CLANG_WARN_INT_CONVERSION = YES;
				CLANG_WARN_OBJC_ROOT_CLASS = YES_ERROR;
				CLANG_WARN_UNREACHABLE_CODE = YES;
				CLANG_WARN__DUPLICATE_METHOD_MATCH = YES;
				"CODE_SIGN_IDENTITY[sdk=iphoneos*]" = "iPhone Developer";
				COPY_PHASE_STRIP = NO;
				ENABLE_STRICT_OBJC_MSGSEND = YES;
				GCC_C_LANGUAGE_STANDARD = gnu99;
				GCC_DYNAMIC_NO_PIC = NO;
				GCC_OPTIMIZATION_LEVEL = 0;
				GCC_PREPROCESSOR_DEFINITIONS = (
					"DEBUG=1",
					"$(inherited)",
				);
				GCC_SYMBOLS_PRIVATE_EXTERN = NO;
				GCC_WARN_64_TO_32_BIT_CONVERSION = YES;
				GCC_WARN_ABOUT_RETURN_TYPE = YES_ERROR;
				GCC_WARN_UNDECLARED_SELECTOR = YES;
				GCC_WARN_UNINITIALIZED_AUTOS = YES_AGGRESSIVE;
				GCC_WARN_UNUSED_FUNCTION = YES;
				GCC_WARN_UNUSED_VARIABLE = YES;
				IPHONEOS_DEPLOYMENT_TARGET = 8.1;
				MTL_ENABLE_DEBUG_INFO = YES;
				ONLY_ACTIVE_ARCH = YES;
				SDKROOT = iphoneos;
				SWIFT_OPTIMIZATION_LEVEL = "-Onone";
				TARGETED_DEVICE_FAMILY = 2;
			};
			name = Debug;
		};
		D805A0B51A89124C001EF269 /* Release */ = {
			isa = XCBuildConfiguration;
			buildSettings = {
				ALWAYS_SEARCH_USER_PATHS = NO;
				CLANG_CXX_LANGUAGE_STANDARD = "gnu++0x";
				CLANG_CXX_LIBRARY = "libc++";
				CLANG_ENABLE_MODULES = YES;
				CLANG_ENABLE_OBJC_ARC = YES;
				CLANG_WARN_BOOL_CONVERSION = YES;
				CLANG_WARN_CONSTANT_CONVERSION = YES;
				CLANG_WARN_DIRECT_OBJC_ISA_USAGE = YES_ERROR;
				CLANG_WARN_EMPTY_BODY = YES;
				CLANG_WARN_ENUM_CONVERSION = YES;
				CLANG_WARN_INT_CONVERSION = YES;
				CLANG_WARN_OBJC_ROOT_CLASS = YES_ERROR;
				CLANG_WARN_UNREACHABLE_CODE = YES;
				CLANG_WARN__DUPLICATE_METHOD_MATCH = YES;
				"CODE_SIGN_IDENTITY[sdk=iphoneos*]" = "iPhone Developer";
				COPY_PHASE_STRIP = YES;
				ENABLE_NS_ASSERTIONS = NO;
				ENABLE_STRICT_OBJC_MSGSEND = YES;
				GCC_C_LANGUAGE_STANDARD = gnu99;
				GCC_WARN_64_TO_32_BIT_CONVERSION = YES;
				GCC_WARN_ABOUT_RETURN_TYPE = YES_ERROR;
				GCC_WARN_UNDECLARED_SELECTOR = YES;
				GCC_WARN_UNINITIALIZED_AUTOS = YES_AGGRESSIVE;
				GCC_WARN_UNUSED_FUNCTION = YES;
				GCC_WARN_UNUSED_VARIABLE = YES;
				IPHONEOS_DEPLOYMENT_TARGET = 8.1;
				MTL_ENABLE_DEBUG_INFO = NO;
				SDKROOT = iphoneos;
				TARGETED_DEVICE_FAMILY = 2;
				VALIDATE_PRODUCT = YES;
			};
			name = Release;
		};
		D805A0B71A89124C001EF269 /* Debug */ = {
			isa = XCBuildConfiguration;
			buildSettings = {
				ASSETCATALOG_COMPILER_APPICON_NAME = AppIcon;
				INFOPLIST_FILE = SpaceBlast/Info.plist;
				LD_RUNPATH_SEARCH_PATHS = "$(inherited) @executable_path/Frameworks";
				PRODUCT_NAME = "$(TARGET_NAME)";
			};
			name = Debug;
		};
		D805A0B81A89124C001EF269 /* Release */ = {
			isa = XCBuildConfiguration;
			buildSettings = {
				ASSETCATALOG_COMPILER_APPICON_NAME = AppIcon;
				INFOPLIST_FILE = SpaceBlast/Info.plist;
				LD_RUNPATH_SEARCH_PATHS = "$(inherited) @executable_path/Frameworks";
				PRODUCT_NAME = "$(TARGET_NAME)";
			};
			name = Release;
		};
		D805A0BA1A89124C001EF269 /* Debug */ = {
			isa = XCBuildConfiguration;
			buildSettings = {
				BUNDLE_LOADER = "$(TEST_HOST)";
				FRAMEWORK_SEARCH_PATHS = (
					"$(SDKROOT)/Developer/Library/Frameworks",
					"$(inherited)",
				);
				GCC_PREPROCESSOR_DEFINITIONS = (
					"DEBUG=1",
					"$(inherited)",
				);
				INFOPLIST_FILE = SpaceBlastTests/Info.plist;
				LD_RUNPATH_SEARCH_PATHS = "$(inherited) @executable_path/Frameworks @loader_path/Frameworks";
				PRODUCT_NAME = "$(TARGET_NAME)";
				TEST_HOST = "$(BUILT_PRODUCTS_DIR)/SpaceBlast.app/SpaceBlast";
			};
			name = Debug;
		};
		D805A0BB1A89124C001EF269 /* Release */ = {
			isa = XCBuildConfiguration;
			buildSettings = {
				BUNDLE_LOADER = "$(TEST_HOST)";
				FRAMEWORK_SEARCH_PATHS = (
					"$(SDKROOT)/Developer/Library/Frameworks",
					"$(inherited)",
				);
				INFOPLIST_FILE = SpaceBlastTests/Info.plist;
				LD_RUNPATH_SEARCH_PATHS = "$(inherited) @executable_path/Frameworks @loader_path/Frameworks";
				PRODUCT_NAME = "$(TARGET_NAME)";
				TEST_HOST = "$(BUILT_PRODUCTS_DIR)/SpaceBlast.app/SpaceBlast";
			};
			name = Release;
		};
/* End XCBuildConfiguration section */

/* Begin XCConfigurationList section */
		D805A08E1A89124C001EF269 /* Build configuration list for PBXProject "SpaceBlast" */ = {
			isa = XCConfigurationList;
			buildConfigurations = (
				D805A0B41A89124C001EF269 /* Debug */,
				D805A0B51A89124C001EF269 /* Release */,
			);
			defaultConfigurationIsVisible = 0;
			defaultConfigurationName = Release;
		};
		D805A0B61A89124C001EF269 /* Build configuration list for PBXNativeTarget "SpaceBlast" */ = {
			isa = XCConfigurationList;
			buildConfigurations = (
				D805A0B71A89124C001EF269 /* Debug */,
				D805A0B81A89124C001EF269 /* Release */,
			);
			defaultConfigurationIsVisible = 0;
		};
		D805A0B91A89124C001EF269 /* Build configuration list for PBXNativeTarget "SpaceBlastTests" */ = {
			isa = XCConfigurationList;
			buildConfigurations = (
				D805A0BA1A89124C001EF269 /* Debug */,
				D805A0BB1A89124C001EF269 /* Release */,
			);
			defaultConfigurationIsVisible = 0;
		};
/* End XCConfigurationList section */
	};
	rootObject = D805A08B1A89124C001EF269 /* Project object */;
}
